PODS:
  - GRDB.swift/SQLCipher (5.11.0):
    - SQLCipher (>= 3.4.0)
  - Runtime (2.2.2)
  - SQLCipher (4.5.3):
    - SQLCipher/standard (= 4.5.3)
  - SQLCipher/common (4.5.3)
  - SQLCipher/standard (4.5.3):
    - SQLCipher/common
  - SwiftSQLiteORM (0.1.0):
    - GRDB.swift/SQLCipher
    - Runtime
    - SQLCipher (~> 4.0)

DEPENDENCIES:
  - SwiftSQLiteORM (from `../`)

SPEC REPOS:
  trunk:
    - GRDB.swift
    - Runtime
    - SQLCipher

EXTERNAL SOURCES:
  SwiftSQLiteORM:
    :path: "../"

SPEC CHECKSUMS:
  GRDB.swift: 9a33d9680cd3c870c82f48a6cbc73d3cfbb235eb
  Runtime: 67741bd196fb4ad821c4d259ccc527bf734d8806
  SQLCipher: 57fa9f863fa4a3ed9dd3c90ace52315db8c0fdca
  SwiftSQLiteORM: 21b7329fe4bdf99328fa223854db33f231347662

PODFILE CHECKSUM: fb75430e6a01c7617485147236e0b7439db1e3af

COCOAPODS: 1.15.2
