PODS:
  - GRDB.swift/SQLCipher (5.11.0):
    - SQLCipher (>= 3.4.0)
  - Runtime (2.2.2)
  - SQLCipher (4.5.3):
    - SQLCipher/standard (= 4.5.3)
  - SQLCipher/common (4.5.3)
  - SQLCipher/standard (4.5.3):
    - SQLCipher/common
  - SwiftSQLiteORM (0.1.0)

DEPENDENCIES:
  - GRDB.swift/SQLCipher
  - Runtime
  - SQLCipher (~> 4.0)
  - SwiftSQLiteORM (from `../`)

SPEC REPOS:
  trunk:
    - GRDB.swift
    - Runtime
    - SQLCipher

EXTERNAL SOURCES:
  SwiftSQLiteORM:
    :path: "../"

SPEC CHECKSUMS:
  GRDB.swift: 9a33d9680cd3c870c82f48a6cbc73d3cfbb235eb
  Runtime: 67741bd196fb4ad821c4d259ccc527bf734d8806
  SQLCipher: 57fa9f863fa4a3ed9dd3c90ace52315db8c0fdca
  SwiftSQLiteORM: 1c670f860994c1a8dfa84a578b6cde6e11c6044f

PODFILE CHECKSUM: 3e43154dfad00c4d129c4ab32acf540f47497186

COCOAPODS: 1.15.2
